// !$*UTF8*$!
{
	archiveVersion = 1;
	classes = {
	};
	objectVersion = 48;
	objects = {

/* Begin PBXBuildFile section */
		2D284449206E96FF002C9697 /* JJEApi.m in Sources */ = {isa = PBXBuildFile; fileRef = 2D284438206E96FF002C9697 /* JJEApi.m */; };
		2D28444B206E9700002C9697 /* JJELibStack.m in Sources */ = {isa = PBXBuildFile; fileRef = 2D284440206E96FF002C9697 /* JJELibStack.m */; };
		2D28444C206E9700002C9697 /* JJETask.m in Sources */ = {isa = PBXBuildFile; fileRef = 2D284443206E96FF002C9697 /* JJETask.m */; };
		2D28444D206E9700002C9697 /* JJEControlCenter.m in Sources */ = {isa = PBXBuildFile; fileRef = 2D284444206E96FF002C9697 /* JJEControlCenter.m */; };
		DF999A0020737C8D004F8899 /* JJEApi.h in CopyFiles */ = {isa = PBXBuildFile; fileRef = 2D284439206E96FF002C9697 /* JJEApi.h */; };
		DF999A0120737C8D004F8899 /* JJEModuleProtocol.h in CopyFiles */ = {isa = PBXBuildFile; fileRef = 2D28443A206E96FF002C9697 /* JJEModuleProtocol.h */; };
/* End PBXBuildFile section */

/* Begin PBXCopyFilesBuildPhase section */
		2D284429206E9670002C9697 /* CopyFiles */ = {
			isa = PBXCopyFilesBuildPhase;
			buildActionMask = 2147483647;
			dstPath = "include/$(PRODUCT_NAME)";
			dstSubfolderSpec = 16;
			files = (
				DF999A0020737C8D004F8899 /* JJEApi.h in CopyFiles */,
				DF999A0120737C8D004F8899 /* JJEModuleProtocol.h in CopyFiles */,
			);
			runOnlyForDeploymentPostprocessing = 0;
		};
/* End PBXCopyFilesBuildPhase section */

/* Begin PBXFileReference section */
		2D28442B206E9670002C9697 /* libJJRouterEngine.a */ = {isa = PBXFileReference; explicitFileType = archive.ar; includeInIndex = 0; path = libJJRouterEngine.a; sourceTree = BUILT_PRODUCTS_DIR; };
		2D284438206E96FF002C9697 /* JJEApi.m */ = {isa = PBXFileReference; fileEncoding = 4; lastKnownFileType = sourcecode.c.objc; path = JJEApi.m; sourceTree = "<group>"; };
		2D284439206E96FF002C9697 /* JJEApi.h */ = {isa = PBXFileReference; fileEncoding = 4; lastKnownFileType = sourcecode.c.h; path = JJEApi.h; sourceTree = "<group>"; };
		2D28443A206E96FF002C9697 /* JJEModuleProtocol.h */ = {isa = PBXFileReference; fileEncoding = 4; lastKnownFileType = sourcecode.c.h; path = JJEModuleProtocol.h; sourceTree = "<group>"; };
		2D28443D206E96FF002C9697 /* JJELibStack.h */ = {isa = PBXFileReference; fileEncoding = 4; lastKnownFileType = sourcecode.c.h; path = JJELibStack.h; sourceTree = "<group>"; };
		2D28443E206E96FF002C9697 /* JJEControlCenter.h */ = {isa = PBXFileReference; fileEncoding = 4; lastKnownFileType = sourcecode.c.h; path = JJEControlCenter.h; sourceTree = "<group>"; };
		2D284440206E96FF002C9697 /* JJELibStack.m */ = {isa = PBXFileReference; fileEncoding = 4; lastKnownFileType = sourcecode.c.objc; path = JJELibStack.m; sourceTree = "<group>"; };
		2D284442206E96FF002C9697 /* JJETask.h */ = {isa = PBXFileReference; fileEncoding = 4; lastKnownFileType = sourcecode.c.h; path = JJETask.h; sourceTree = "<group>"; };
		2D284443206E96FF002C9697 /* JJETask.m */ = {isa = PBXFileReference; fileEncoding = 4; lastKnownFileType = sourcecode.c.objc; path = JJETask.m; sourceTree = "<group>"; };
		2D284444206E96FF002C9697 /* JJEControlCenter.m */ = {isa = PBXFileReference; fileEncoding = 4; lastKnownFileType = sourcecode.c.objc; path = JJEControlCenter.m; sourceTree = "<group>"; };
/* End PBXFileReference section */

/* Begin PBXFrameworksBuildPhase section */
		2D284428206E9670002C9697 /* Frameworks */ = {
			isa = PBXFrameworksBuildPhase;
			buildActionMask = 2147483647;
			files = (
			);
			runOnlyForDeploymentPostprocessing = 0;
		};
/* End PBXFrameworksBuildPhase section */

/* Begin PBXGroup section */
		2D284422206E9670002C9697 = {
			isa = PBXGroup;
			children = (
				2D28442D206E9670002C9697 /* JJRouterEngine */,
				2D28442C206E9670002C9697 /* Products */,
			);
			sourceTree = "<group>";
		};
		2D28442C206E9670002C9697 /* Products */ = {
			isa = PBXGroup;
			children = (
				2D28442B206E9670002C9697 /* libJJRouterEngine.a */,
			);
			name = Products;
			sourceTree = "<group>";
		};
		2D28442D206E9670002C9697 /* JJRouterEngine */ = {
			isa = PBXGroup;
			children = (
				2D28443C206E96FF002C9697 /* ControllerManager */,
				2D284439206E96FF002C9697 /* JJEApi.h */,
				2D284438206E96FF002C9697 /* JJEApi.m */,
				2D28443A206E96FF002C9697 /* JJEModuleProtocol.h */,
			);
			path = JJRouterEngine;
			sourceTree = "<group>";
		};
		2D28443C206E96FF002C9697 /* ControllerManager */ = {
			isa = PBXGroup;
			children = (
				2D28443D206E96FF002C9697 /* JJELibStack.h */,
				2D284440206E96FF002C9697 /* JJELibStack.m */,
				2D28443E206E96FF002C9697 /* JJEControlCenter.h */,
				2D284444206E96FF002C9697 /* JJEControlCenter.m */,
				2D284441206E96FF002C9697 /* Task */,
			);
			path = ControllerManager;
			sourceTree = "<group>";
		};
		2D284441206E96FF002C9697 /* Task */ = {
			isa = PBXGroup;
			children = (
				2D284442206E96FF002C9697 /* JJETask.h */,
				2D284443206E96FF002C9697 /* JJETask.m */,
			);
			path = Task;
			sourceTree = "<group>";
		};
/* End PBXGroup section */

/* Begin PBXNativeTarget section */
		2D28442A206E9670002C9697 /* JJRouterEngine */ = {
			isa = PBXNativeTarget;
			buildConfigurationList = 2D284434206E9670002C9697 /* Build configuration list for PBXNativeTarget "JJRouterEngine" */;
			buildPhases = (
				2D284427206E9670002C9697 /* Sources */,
				2D284428206E9670002C9697 /* Frameworks */,
				2D284429206E9670002C9697 /* CopyFiles */,
			);
			buildRules = (
			);
			dependencies = (
			);
			name = JJRouterEngine;
			productName = JJRouterEngine;
			productReference = 2D28442B206E9670002C9697 /* libJJRouterEngine.a */;
			productType = "com.apple.product-type.library.static";
		};
/* End PBXNativeTarget section */

/* Begin PBXProject section */
		2D284423206E9670002C9697 /* Project object */ = {
			isa = PBXProject;
			attributes = {
				LastUpgradeCheck = 0920;
				ORGANIZATIONNAME = zhangyi;
				TargetAttributes = {
					2D28442A206E9670002C9697 = {
						CreatedOnToolsVersion = 9.2;
						ProvisioningStyle = Automatic;
					};
				};
			};
			buildConfigurationList = 2D284426206E9670002C9697 /* Build configuration list for PBXProject "JJRouterEngine" */;
			compatibilityVersion = "Xcode 8.0";
			developmentRegion = en;
			hasScannedForEncodings = 0;
			knownRegions = (
				en,
			);
			mainGroup = 2D284422206E9670002C9697;
			productRefGroup = 2D28442C206E9670002C9697 /* Products */;
			projectDirPath = "";
			projectRoot = "";
			targets = (
				2D28442A206E9670002C9697 /* JJRouterEngine */,
			);
		};
/* End PBXProject section */

/* Begin PBXSourcesBuildPhase section */
		2D284427206E9670002C9697 /* Sources */ = {
			isa = PBXSourcesBuildPhase;
			buildActionMask = 2147483647;
			files = (
				2D28444D206E9700002C9697 /* JJEControlCenter.m in Sources */,
				2D28444C206E9700002C9697 /* JJETask.m in Sources */,
				2D284449206E96FF002C9697 /* JJEApi.m in Sources */,
				2D28444B206E9700002C9697 /* JJELibStack.m in Sources */,
			);
			runOnlyForDeploymentPostprocessing = 0;
		};
/* End PBXSourcesBuildPhase section */

/* Begin XCBuildConfiguration section */
		2D284432206E9670002C9697 /* Debug */ = {
			isa = XCBuildConfiguration;
			buildSettings = {
				ALWAYS_SEARCH_USER_PATHS = NO;
				CLANG_ANALYZER_NONNULL = YES;
				CLANG_ANALYZER_NUMBER_OBJECT_CONVERSION = YES_AGGRESSIVE;
				CLANG_CXX_LANGUAGE_STANDARD = "gnu++14";
				CLANG_CXX_LIBRARY = "libc++";
				CLANG_ENABLE_MODULES = YES;
				CLANG_ENABLE_OBJC_ARC = YES;
				CLANG_WARN_BLOCK_CAPTURE_AUTORELEASING = YES;
				CLANG_WARN_BOOL_CONVERSION = YES;
				CLANG_WARN_COMMA = YES;
				CLANG_WARN_CONSTANT_CONVERSION = YES;
				CLANG_WARN_DIRECT_OBJC_ISA_USAGE = YES_ERROR;
				CLANG_WARN_DOCUMENTATION_COMMENTS = YES;
				CLANG_WARN_EMPTY_BODY = YES;
				CLANG_WARN_ENUM_CONVERSION = YES;
				CLANG_WARN_INFINITE_RECURSION = YES;
				CLANG_WARN_INT_CONVERSION = YES;
				CLANG_WARN_NON_LITERAL_NULL_CONVERSION = YES;
				CLANG_WARN_OBJC_LITERAL_CONVERSION = YES;
				CLANG_WARN_OBJC_ROOT_CLASS = YES_ERROR;
				CLANG_WARN_RANGE_LOOP_ANALYSIS = YES;
				CLANG_WARN_STRICT_PROTOTYPES = YES;
				CLANG_WARN_SUSPICIOUS_MOVE = YES;
				CLANG_WARN_UNGUARDED_AVAILABILITY = YES_AGGRESSIVE;
				CLANG_WARN_UNREACHABLE_CODE = YES;
				CLANG_WARN__DUPLICATE_METHOD_MATCH = YES;
				CODE_SIGN_IDENTITY = "iPhone Developer";
				COPY_PHASE_STRIP = NO;
				DEBUG_INFORMATION_FORMAT = dwarf;
				ENABLE_STRICT_OBJC_MSGSEND = YES;
				ENABLE_TESTABILITY = YES;
				GCC_C_LANGUAGE_STANDARD = gnu11;
				GCC_DYNAMIC_NO_PIC = NO;
				GCC_NO_COMMON_BLOCKS = YES;
				GCC_OPTIMIZATION_LEVEL = 0;
				GCC_PREPROCESSOR_DEFINITIONS = (
					"DEBUG=1",
					"$(inherited)",
				);
				GCC_WARN_64_TO_32_BIT_CONVERSION = YES;
				GCC_WARN_ABOUT_RETURN_TYPE = YES_ERROR;
				GCC_WARN_UNDECLARED_SELECTOR = YES;
				GCC_WARN_UNINITIALIZED_AUTOS = YES_AGGRESSIVE;
				GCC_WARN_UNUSED_FUNCTION = YES;
				GCC_WARN_UNUSED_VARIABLE = YES;
				IPHONEOS_DEPLOYMENT_TARGET = 9.0;
				MTL_ENABLE_DEBUG_INFO = YES;
				ONLY_ACTIVE_ARCH = YES;
				SDKROOT = iphoneos;
			};
			name = Debug;
		};
		2D284433206E9670002C9697 /* Release */ = {
			isa = XCBuildConfiguration;
			buildSettings = {
				ALWAYS_SEARCH_USER_PATHS = NO;
				CLANG_ANALYZER_NONNULL = YES;
				CLANG_ANALYZER_NUMBER_OBJECT_CONVERSION = YES_AGGRESSIVE;
				CLANG_CXX_LANGUAGE_STANDARD = "gnu++14";
				CLANG_CXX_LIBRARY = "libc++";
				CLANG_ENABLE_MODULES = YES;
				CLANG_ENABLE_OBJC_ARC = YES;
				CLANG_WARN_BLOCK_CAPTURE_AUTORELEASING = YES;
				CLANG_WARN_BOOL_CONVERSION = YES;
				CLANG_WARN_COMMA = YES;
				CLANG_WARN_CONSTANT_CONVERSION = YES;
				CLANG_WARN_DIRECT_OBJC_ISA_USAGE = YES_ERROR;
				CLANG_WARN_DOCUMENTATION_COMMENTS = YES;
				CLANG_WARN_EMPTY_BODY = YES;
				CLANG_WARN_ENUM_CONVERSION = YES;
				CLANG_WARN_INFINITE_RECURSION = YES;
				CLANG_WARN_INT_CONVERSION = YES;
				CLANG_WARN_NON_LITERAL_NULL_CONVERSION = YES;
				CLANG_WARN_OBJC_LITERAL_CONVERSION = YES;
				CLANG_WARN_OBJC_ROOT_CLASS = YES_ERROR;
				CLANG_WARN_RANGE_LOOP_ANALYSIS = YES;
				CLANG_WARN_STRICT_PROTOTYPES = YES;
				CLANG_WARN_SUSPICIOUS_MOVE = YES;
				CLANG_WARN_UNGUARDED_AVAILABILITY = YES_AGGRESSIVE;
				CLANG_WARN_UNREACHABLE_CODE = YES;
				CLANG_WARN__DUPLICATE_METHOD_MATCH = YES;
				CODE_SIGN_IDENTITY = "iPhone Developer";
				COPY_PHASE_STRIP = NO;
				DEBUG_INFORMATION_FORMAT = "dwarf-with-dsym";
				ENABLE_NS_ASSERTIONS = NO;
				ENABLE_STRICT_OBJC_MSGSEND = YES;
				GCC_C_LANGUAGE_STANDARD = gnu11;
				GCC_NO_COMMON_BLOCKS = YES;
				GCC_WARN_64_TO_32_BIT_CONVERSION = YES;
				GCC_WARN_ABOUT_RETURN_TYPE = YES_ERROR;
				GCC_WARN_UNDECLARED_SELECTOR = YES;
				GCC_WARN_UNINITIALIZED_AUTOS = YES_AGGRESSIVE;
				GCC_WARN_UNUSED_FUNCTION = YES;
				GCC_WARN_UNUSED_VARIABLE = YES;
				IPHONEOS_DEPLOYMENT_TARGET = 9.0;
				MTL_ENABLE_DEBUG_INFO = NO;
				SDKROOT = iphoneos;
				VALIDATE_PRODUCT = YES;
			};
			name = Release;
		};
		2D284435206E9670002C9697 /* Debug */ = {
			isa = XCBuildConfiguration;
			buildSettings = {
				CODE_SIGN_STYLE = Automatic;
				OTHER_LDFLAGS = "-ObjC";
				PRODUCT_NAME = "$(TARGET_NAME)";
				SKIP_INSTALL = YES;
				TARGETED_DEVICE_FAMILY = "1,2";
			};
			name = Debug;
		};
		2D284436206E9670002C9697 /* Release */ = {
			isa = XCBuildConfiguration;
			buildSettings = {
				CODE_SIGN_STYLE = Automatic;
				OTHER_LDFLAGS = "-ObjC";
				PRODUCT_NAME = "$(TARGET_NAME)";
				SKIP_INSTALL = YES;
				TARGETED_DEVICE_FAMILY = "1,2";
			};
			name = Release;
		};
/* End XCBuildConfiguration section */

/* Begin XCConfigurationList section */
		2D284426206E9670002C9697 /* Build configuration list for PBXProject "JJRouterEngine" */ = {
			isa = XCConfigurationList;
			buildConfigurations = (
				2D284432206E9670002C9697 /* Debug */,
				2D284433206E9670002C9697 /* Release */,
			);
			defaultConfigurationIsVisible = 0;
			defaultConfigurationName = Release;
		};
		2D284434206E9670002C9697 /* Build configuration list for PBXNativeTarget "JJRouterEngine" */ = {
			isa = XCConfigurationList;
			buildConfigurations = (
				2D284435206E9670002C9697 /* Debug */,
				2D284436206E9670002C9697 /* Release */,
			);
			defaultConfigurationIsVisible = 0;
			defaultConfigurationName = Release;
		};
/* End XCConfigurationList section */
	};
	rootObject = 2D284423206E9670002C9697 /* Project object */;
}
